
Microsoft Visual Studio Solution File, Format Version 12.00
# Visual Studio 15
VisualStudioVersion = 15.0.26228.9
MinimumVisualStudioVersion = 10.0.40219.1
Project("{FAE04EC0-301F-11D3-BF4B-00C04F79EFBC}") = "cs2008math4", "cs2008math4\cs2008math4.csproj", "{BA26FBDF-7ADB-4B0D-8BF2-555CD7C2AF23}"
EndProject
Global
	GlobalSection(SolutionConfigurationPlatforms) = preSolution
		Debug|Any CPU = Debug|Any CPU
		Release|Any CPU = Release|Any CPU
	EndGlobalSection
	GlobalSection(ProjectConfigurationPlatforms) = postSolution
		{BA26FBDF-7ADB-4B0D-8BF2-555CD7C2AF23}.Debug|Any CPU.ActiveCfg = Debug|Any CPU
		{BA26FBDF-7ADB-4B0D-8BF2-555CD7C2AF23}.Debug|Any CPU.Build.0 = Debug|Any CPU
		{BA26FBDF-7ADB-4B0D-8BF2-555CD7C2AF23}.Release|Any CPU.ActiveCfg = Release|Any CPU
		{BA26FBDF-7ADB-4B0D-8BF2-555CD7C2AF23}.Release|Any CPU.Build.0 = Release|Any CPU
	EndGlobalSection
	GlobalSection(SolutionProperties) = preSolution
		HideSolutionNode = FALSE
	EndGlobalSection
EndGlobal
